
Microsoft Visual Studio Solution File, Format Version 12.00
# Visual Studio Version 17
VisualStudioVersion = 17.8.34322.80
MinimumVisualStudioVersion = 10.0.40219.1
Project("{9A19103F-16F7-4668-BE54-9A1E7A4F7556}") = "PaylocityAPI", "PaylocityAPI\PaylocityAPI.csproj", "{F5207494-4905-4225-93BD-B86423DDBC6C}"
EndProject
Project("{FAE04EC0-301F-11D3-BF4B-00C04F79EFBC}") = "PaylocityConsole", "PaylocityConsole\PaylocityConsole.csproj", "{CA3B6517-A018-4E91-82A6-7565D3AFF807}"
EndProject
Project("{FAE04EC0-301F-11D3-BF4B-00C04F79EFBC}") = "PaylocityModels", "PaylocityModels\PaylocityModels.csproj", "{9698B912-9C37-49BA-A9A3-C3981752E5ED}"
EndProject
Global
	GlobalSection(SolutionConfigurationPlatforms) = preSolution
		Debug|Any CPU = Debug|Any CPU
		Release|Any CPU = Release|Any CPU
	EndGlobalSection
	GlobalSection(ProjectConfigurationPlatforms) = postSolution
		{F5207494-4905-4225-93BD-B86423DDBC6C}.Debug|Any CPU.ActiveCfg = Debug|Any CPU
		{F5207494-4905-4225-93BD-B86423DDBC6C}.Debug|Any CPU.Build.0 = Debug|Any CPU
		{F5207494-4905-4225-93BD-B86423DDBC6C}.Release|Any CPU.ActiveCfg = Release|Any CPU
		{F5207494-4905-4225-93BD-B86423DDBC6C}.Release|Any CPU.Build.0 = Release|Any CPU
		{CA3B6517-A018-4E91-82A6-7565D3AFF807}.Debug|Any CPU.ActiveCfg = Debug|Any CPU
		{CA3B6517-A018-4E91-82A6-7565D3AFF807}.Debug|Any CPU.Build.0 = Debug|Any CPU
		{CA3B6517-A018-4E91-82A6-7565D3AFF807}.Release|Any CPU.ActiveCfg = Release|Any CPU
		{CA3B6517-A018-4E91-82A6-7565D3AFF807}.Release|Any CPU.Build.0 = Release|Any CPU
		{9698B912-9C37-49BA-A9A3-C3981752E5ED}.Debug|Any CPU.ActiveCfg = Debug|Any CPU
		{9698B912-9C37-49BA-A9A3-C3981752E5ED}.Debug|Any CPU.Build.0 = Debug|Any CPU
		{9698B912-9C37-49BA-A9A3-C3981752E5ED}.Release|Any CPU.ActiveCfg = Release|Any CPU
		{9698B912-9C37-49BA-A9A3-C3981752E5ED}.Release|Any CPU.Build.0 = Release|Any CPU
	EndGlobalSection
	GlobalSection(SolutionProperties) = preSolution
		HideSolutionNode = FALSE
	EndGlobalSection
	GlobalSection(ExtensibilityGlobals) = postSolution
		SolutionGuid = {BC8B6BE2-5FD3-4AA2-8CB5-3DD4043D9DC8}
	EndGlobalSection
EndGlobal
